
Microsoft Visual Studio Solution File, Format Version 12.00
# Visual Studio 2015
Project("{FAE04EC0-301F-11D3-BF4B-00C04F79EFBC}") = "GameEngineScripting_Assignment2.CSharp", "GameEngineScripting_Assignment2.CSharp.csproj", "{E1097455-4081-E71C-3033-B0506F771958}"
EndProject
Project("{FAE04EC0-301F-11D3-BF4B-00C04F79EFBC}") = "GameEngineScripting_Assignment2.CSharp.Editor", "GameEngineScripting_Assignment2.CSharp.Editor.csproj", "{44871BFB-6FBA-1DCE-AB16-511192CFA9C4}"
EndProject
Global
	GlobalSection(SolutionConfigurationPlatforms) = preSolution
		Debug|Any CPU = Debug|Any CPU
		Release|Any CPU = Release|Any CPU
	EndGlobalSection
	GlobalSection(ProjectConfigurationPlatforms) = postSolution
		{E1097455-4081-E71C-3033-B0506F771958}.Debug|Any CPU.ActiveCfg = Debug|Any CPU
		{E1097455-4081-E71C-3033-B0506F771958}.Debug|Any CPU.Build.0 = Debug|Any CPU
		{E1097455-4081-E71C-3033-B0506F771958}.Release|Any CPU.ActiveCfg = Release|Any CPU
		{E1097455-4081-E71C-3033-B0506F771958}.Release|Any CPU.Build.0 = Release|Any CPU
		{44871BFB-6FBA-1DCE-AB16-511192CFA9C4}.Debug|Any CPU.ActiveCfg = Debug|Any CPU
		{44871BFB-6FBA-1DCE-AB16-511192CFA9C4}.Debug|Any CPU.Build.0 = Debug|Any CPU
		{44871BFB-6FBA-1DCE-AB16-511192CFA9C4}.Release|Any CPU.ActiveCfg = Release|Any CPU
		{44871BFB-6FBA-1DCE-AB16-511192CFA9C4}.Release|Any CPU.Build.0 = Release|Any CPU
	EndGlobalSection
	GlobalSection(SolutionProperties) = preSolution
		HideSolutionNode = FALSE
	EndGlobalSection
EndGlobal
